// !$*UTF8*$!
{
	archiveVersion = 1;
	classes = {
	};
	objectVersion = 46;
	objects = {

/* Begin PBXBuildFile section */
		22130F4F1E5CCA0D00343AFD /* ImageSelectionViewController.swift in Sources */ = {isa = PBXBuildFile; fileRef = 22130F4E1E5CCA0D00343AFD /* ImageSelectionViewController.swift */; };
		22130F571E5CCB8700343AFD /* camera.png in Resources */ = {isa = PBXBuildFile; fileRef = 22130F531E5CCB8700343AFD /* camera.png */; };
		22130F581E5CCB8700343AFD /* gallary.png in Resources */ = {isa = PBXBuildFile; fileRef = 22130F541E5CCB8700343AFD /* gallary.png */; };
		22130F591E5CCB8700343AFD /* logo.png in Resources */ = {isa = PBXBuildFile; fileRef = 22130F551E5CCB8700343AFD /* logo.png */; };
		22130F5A1E5CCB8700343AFD /* testImg.jpg in Resources */ = {isa = PBXBuildFile; fileRef = 22130F561E5CCB8700343AFD /* testImg.jpg */; };
		22130F5B1E5CCB8C00343AFD /* testImg.jpg in Resources */ = {isa = PBXBuildFile; fileRef = 22130F561E5CCB8700343AFD /* testImg.jpg */; };
		2243FE201E5CD46800899472 /* OCRServiceTest.swift in Sources */ = {isa = PBXBuildFile; fileRef = 2243FE1F1E5CD46800899472 /* OCRServiceTest.swift */; };
		2243FE221E5CD4C300899472 /* pod.png in Resources */ = {isa = PBXBuildFile; fileRef = 2243FE211E5CD4C300899472 /* pod.png */; };
		2243FE231E5CD4CA00899472 /* pod.png in Resources */ = {isa = PBXBuildFile; fileRef = 2243FE211E5CD4C300899472 /* pod.png */; };
		2243FE251E5CD50B00899472 /* OCRTextParserTest.swift in Sources */ = {isa = PBXBuildFile; fileRef = 2243FE241E5CD50B00899472 /* OCRTextParserTest.swift */; };
		2243FE271E5CD52400899472 /* OCRService.swift in Sources */ = {isa = PBXBuildFile; fileRef = 2243FE261E5CD52400899472 /* OCRService.swift */; };
		2243FE291E5CD53200899472 /* OCRTextParser.swift in Sources */ = {isa = PBXBuildFile; fileRef = 2243FE281E5CD53200899472 /* OCRTextParser.swift */; };
		2243FE2C1E5CD5A800899472 /* Constants.swift in Sources */ = {isa = PBXBuildFile; fileRef = 2243FE2B1E5CD5A800899472 /* Constants.swift */; };
		2243FE2E1E5CD5F400899472 /* ImageUtil.swift in Sources */ = {isa = PBXBuildFile; fileRef = 2243FE2D1E5CD5F400899472 /* ImageUtil.swift */; };
		2243FE301E5CD60D00899472 /* BoxServiceUtil.swift in Sources */ = {isa = PBXBuildFile; fileRef = 2243FE2F1E5CD60D00899472 /* BoxServiceUtil.swift */; };
		2243FE321E5CED9800899472 /* parseText.json in Resources */ = {isa = PBXBuildFile; fileRef = 2243FE311E5CED9800899472 /* parseText.json */; };
		2243FE361E5CF1B800899472 /* OCRServiceSpec.swift in Sources */ = {isa = PBXBuildFile; fileRef = 2243FE351E5CF1B800899472 /* OCRServiceSpec.swift */; };
		2243FE381E5CFEC900899472 /* ImageSelectionVCSpec.swift in Sources */ = {isa = PBXBuildFile; fileRef = 2243FE371E5CFEC900899472 /* ImageSelectionVCSpec.swift */; };
		2243FE391E5D07EB00899472 /* Main.storyboard in Resources */ = {isa = PBXBuildFile; fileRef = 22CDBFC71E5B8BCF007EF8F8 /* Main.storyboard */; };
		2243FE3B1E5D1E2300899472 /* UploadReadyViewController.swift in Sources */ = {isa = PBXBuildFile; fileRef = 2243FE3A1E5D1E2300899472 /* UploadReadyViewController.swift */; };
		2243FE3D1E5D1E2D00899472 /* UploadReadyViewControllerSpec.swift in Sources */ = {isa = PBXBuildFile; fileRef = 2243FE3C1E5D1E2D00899472 /* UploadReadyViewControllerSpec.swift */; };
		22CDBFC41E5B8BCF007EF8F8 /* AppDelegate.swift in Sources */ = {isa = PBXBuildFile; fileRef = 22CDBFC31E5B8BCF007EF8F8 /* AppDelegate.swift */; };
		22CDBFC91E5B8BCF007EF8F8 /* Main.storyboard in Resources */ = {isa = PBXBuildFile; fileRef = 22CDBFC71E5B8BCF007EF8F8 /* Main.storyboard */; };
		22CDBFCB1E5B8BCF007EF8F8 /* Assets.xcassets in Resources */ = {isa = PBXBuildFile; fileRef = 22CDBFCA1E5B8BCF007EF8F8 /* Assets.xcassets */; };
		22CDBFCE1E5B8BCF007EF8F8 /* LaunchScreen.storyboard in Resources */ = {isa = PBXBuildFile; fileRef = 22CDBFCC1E5B8BCF007EF8F8 /* LaunchScreen.storyboard */; };
		22CDBFE41E5B8BCF007EF8F8 /* boxECMUITests.swift in Sources */ = {isa = PBXBuildFile; fileRef = 22CDBFE31E5B8BCF007EF8F8 /* boxECMUITests.swift */; };
		22CDBFF41E5B99B6007EF8F8 /* Podfile in Resources */ = {isa = PBXBuildFile; fileRef = 22CDBFF31E5B99B6007EF8F8 /* Podfile */; };
		22CDBFF61E5B9A86007EF8F8 /* AppSpec.swift in Sources */ = {isa = PBXBuildFile; fileRef = 22CDBFF51E5B9A86007EF8F8 /* AppSpec.swift */; };
		22CDBFF91E5BA1FB007EF8F8 /* BoxServiceTest.swift in Sources */ = {isa = PBXBuildFile; fileRef = 22CDBFF81E5BA1FB007EF8F8 /* BoxServiceTest.swift */; };
		22CDBFFB1E5BA216007EF8F8 /* BoxService.swift in Sources */ = {isa = PBXBuildFile; fileRef = 22CDBFFA1E5BA216007EF8F8 /* BoxService.swift */; };
		77127EDFB1B9DEC090CA4B20 /* Pods_boxECM.framework in Frameworks */ = {isa = PBXBuildFile; fileRef = FFDC1047808074818DD6F5D0 /* Pods_boxECM.framework */; };
		9526698E44F5333D6B84C671 /* Pods_boxECMUITests.framework in Frameworks */ = {isa = PBXBuildFile; fileRef = 367950269A234F41BAB3CC33 /* Pods_boxECMUITests.framework */; };
		E7DD984C81FFE9F7488C4047 /* Pods_boxECMTests.framework in Frameworks */ = {isa = PBXBuildFile; fileRef = 5CA82AF697A0FA71291F5EE3 /* Pods_boxECMTests.framework */; };
/* End PBXBuildFile section */

/* Begin PBXContainerItemProxy section */
		22CDBFD51E5B8BCF007EF8F8 /* PBXContainerItemProxy */ = {
			isa = PBXContainerItemProxy;
			containerPortal = 22CDBFB81E5B8BCE007EF8F8 /* Project object */;
			proxyType = 1;
			remoteGlobalIDString = 22CDBFBF1E5B8BCF007EF8F8;
			remoteInfo = boxECM;
		};
		22CDBFE01E5B8BCF007EF8F8 /* PBXContainerItemProxy */ = {
			isa = PBXContainerItemProxy;
			containerPortal = 22CDBFB81E5B8BCE007EF8F8 /* Project object */;
			proxyType = 1;
			remoteGlobalIDString = 22CDBFBF1E5B8BCF007EF8F8;
			remoteInfo = boxECM;
		};
/* End PBXContainerItemProxy section */

/* Begin PBXFileReference section */
		1C22A4A052D7424884F7F87E /* Pods-boxECM.debug.xcconfig */ = {isa = PBXFileReference; includeInIndex = 1; lastKnownFileType = text.xcconfig; name = "Pods-boxECM.debug.xcconfig"; path = "Pods/Target Support Files/Pods-boxECM/Pods-boxECM.debug.xcconfig"; sourceTree = "<group>"; };
		22130F4E1E5CCA0D00343AFD /* ImageSelectionViewController.swift */ = {isa = PBXFileReference; fileEncoding = 4; lastKnownFileType = sourcecode.swift; path = ImageSelectionViewController.swift; sourceTree = "<group>"; };
		22130F531E5CCB8700343AFD /* camera.png */ = {isa = PBXFileReference; lastKnownFileType = image.png; name = camera.png; path = Resources/camera.png; sourceTree = "<group>"; };
		22130F541E5CCB8700343AFD /* gallary.png */ = {isa = PBXFileReference; lastKnownFileType = image.png; name = gallary.png; path = Resources/gallary.png; sourceTree = "<group>"; };
		22130F551E5CCB8700343AFD /* logo.png */ = {isa = PBXFileReference; lastKnownFileType = image.png; name = logo.png; path = Resources/logo.png; sourceTree = "<group>"; };
		22130F561E5CCB8700343AFD /* testImg.jpg */ = {isa = PBXFileReference; lastKnownFileType = image.jpeg; name = testImg.jpg; path = Resources/testImg.jpg; sourceTree = "<group>"; };
		2243FE1F1E5CD46800899472 /* OCRServiceTest.swift */ = {isa = PBXFileReference; fileEncoding = 4; lastKnownFileType = sourcecode.swift; path = OCRServiceTest.swift; sourceTree = "<group>"; };
		2243FE211E5CD4C300899472 /* pod.png */ = {isa = PBXFileReference; lastKnownFileType = image.png; name = pod.png; path = Resources/pod.png; sourceTree = "<group>"; };
		2243FE241E5CD50B00899472 /* OCRTextParserTest.swift */ = {isa = PBXFileReference; fileEncoding = 4; lastKnownFileType = sourcecode.swift; path = OCRTextParserTest.swift; sourceTree = "<group>"; };
		2243FE261E5CD52400899472 /* OCRService.swift */ = {isa = PBXFileReference; fileEncoding = 4; lastKnownFileType = sourcecode.swift; path = OCRService.swift; sourceTree = "<group>"; };
		2243FE281E5CD53200899472 /* OCRTextParser.swift */ = {isa = PBXFileReference; fileEncoding = 4; lastKnownFileType = sourcecode.swift; path = OCRTextParser.swift; sourceTree = "<group>"; };
		2243FE2B1E5CD5A800899472 /* Constants.swift */ = {isa = PBXFileReference; fileEncoding = 4; lastKnownFileType = sourcecode.swift; path = Constants.swift; sourceTree = "<group>"; };
		2243FE2D1E5CD5F400899472 /* ImageUtil.swift */ = {isa = PBXFileReference; fileEncoding = 4; lastKnownFileType = sourcecode.swift; path = ImageUtil.swift; sourceTree = "<group>"; };
		2243FE2F1E5CD60D00899472 /* BoxServiceUtil.swift */ = {isa = PBXFileReference; fileEncoding = 4; lastKnownFileType = sourcecode.swift; path = BoxServiceUtil.swift; sourceTree = "<group>"; };
		2243FE311E5CED9800899472 /* parseText.json */ = {isa = PBXFileReference; fileEncoding = 4; lastKnownFileType = text.json; name = parseText.json; path = Resources/parseText.json; sourceTree = "<group>"; };
		2243FE351E5CF1B800899472 /* OCRServiceSpec.swift */ = {isa = PBXFileReference; fileEncoding = 4; lastKnownFileType = sourcecode.swift; path = OCRServiceSpec.swift; sourceTree = "<group>"; };
		2243FE371E5CFEC900899472 /* ImageSelectionVCSpec.swift */ = {isa = PBXFileReference; fileEncoding = 4; lastKnownFileType = sourcecode.swift; path = ImageSelectionVCSpec.swift; sourceTree = "<group>"; };
		2243FE3A1E5D1E2300899472 /* UploadReadyViewController.swift */ = {isa = PBXFileReference; fileEncoding = 4; lastKnownFileType = sourcecode.swift; path = UploadReadyViewController.swift; sourceTree = "<group>"; };
		2243FE3C1E5D1E2D00899472 /* UploadReadyViewControllerSpec.swift */ = {isa = PBXFileReference; fileEncoding = 4; lastKnownFileType = sourcecode.swift; path = UploadReadyViewControllerSpec.swift; sourceTree = "<group>"; };
		22CDBFC01E5B8BCF007EF8F8 /* boxECM.app */ = {isa = PBXFileReference; explicitFileType = wrapper.application; includeInIndex = 0; path = boxECM.app; sourceTree = BUILT_PRODUCTS_DIR; };
		22CDBFC31E5B8BCF007EF8F8 /* AppDelegate.swift */ = {isa = PBXFileReference; lastKnownFileType = sourcecode.swift; path = AppDelegate.swift; sourceTree = "<group>"; };
		22CDBFC81E5B8BCF007EF8F8 /* Base */ = {isa = PBXFileReference; lastKnownFileType = file.storyboard; name = Base; path = Base.lproj/Main.storyboard; sourceTree = "<group>"; };
		22CDBFCA1E5B8BCF007EF8F8 /* Assets.xcassets */ = {isa = PBXFileReference; lastKnownFileType = folder.assetcatalog; path = Assets.xcassets; sourceTree = "<group>"; };
		22CDBFCD1E5B8BCF007EF8F8 /* Base */ = {isa = PBXFileReference; lastKnownFileType = file.storyboard; name = Base; path = Base.lproj/LaunchScreen.storyboard; sourceTree = "<group>"; };
		22CDBFCF1E5B8BCF007EF8F8 /* Info.plist */ = {isa = PBXFileReference; lastKnownFileType = text.plist.xml; path = Info.plist; sourceTree = "<group>"; };
		22CDBFD41E5B8BCF007EF8F8 /* boxECMTests.xctest */ = {isa = PBXFileReference; explicitFileType = wrapper.cfbundle; includeInIndex = 0; path = boxECMTests.xctest; sourceTree = BUILT_PRODUCTS_DIR; };
		22CDBFDA1E5B8BCF007EF8F8 /* Info.plist */ = {isa = PBXFileReference; lastKnownFileType = text.plist.xml; path = Info.plist; sourceTree = "<group>"; };
		22CDBFDF1E5B8BCF007EF8F8 /* boxECMUITests.xctest */ = {isa = PBXFileReference; explicitFileType = wrapper.cfbundle; includeInIndex = 0; path = boxECMUITests.xctest; sourceTree = BUILT_PRODUCTS_DIR; };
		22CDBFE31E5B8BCF007EF8F8 /* boxECMUITests.swift */ = {isa = PBXFileReference; lastKnownFileType = sourcecode.swift; path = boxECMUITests.swift; sourceTree = "<group>"; };
		22CDBFE51E5B8BCF007EF8F8 /* Info.plist */ = {isa = PBXFileReference; lastKnownFileType = text.plist.xml; path = Info.plist; sourceTree = "<group>"; };
		22CDBFF31E5B99B6007EF8F8 /* Podfile */ = {isa = PBXFileReference; fileEncoding = 4; lastKnownFileType = text; path = Podfile; sourceTree = "<group>"; xcLanguageSpecificationIdentifier = xcode.lang.ruby; };
		22CDBFF51E5B9A86007EF8F8 /* AppSpec.swift */ = {isa = PBXFileReference; fileEncoding = 4; lastKnownFileType = sourcecode.swift; path = AppSpec.swift; sourceTree = "<group>"; };
		22CDBFF81E5BA1FB007EF8F8 /* BoxServiceTest.swift */ = {isa = PBXFileReference; fileEncoding = 4; lastKnownFileType = sourcecode.swift; path = BoxServiceTest.swift; sourceTree = "<group>"; };
		22CDBFFA1E5BA216007EF8F8 /* BoxService.swift */ = {isa = PBXFileReference; fileEncoding = 4; lastKnownFileType = sourcecode.swift; path = BoxService.swift; sourceTree = "<group>"; };
		367950269A234F41BAB3CC33 /* Pods_boxECMUITests.framework */ = {isa = PBXFileReference; explicitFileType = wrapper.framework; includeInIndex = 0; path = Pods_boxECMUITests.framework; sourceTree = BUILT_PRODUCTS_DIR; };
		535CDF3C27BAAA0547CE9C5C /* Pods-boxECMTests.release.xcconfig */ = {isa = PBXFileReference; includeInIndex = 1; lastKnownFileType = text.xcconfig; name = "Pods-boxECMTests.release.xcconfig"; path = "Pods/Target Support Files/Pods-boxECMTests/Pods-boxECMTests.release.xcconfig"; sourceTree = "<group>"; };
		542DBE1B496653959CEF1E0E /* Pods-boxECMTests.debug.xcconfig */ = {isa = PBXFileReference; includeInIndex = 1; lastKnownFileType = text.xcconfig; name = "Pods-boxECMTests.debug.xcconfig"; path = "Pods/Target Support Files/Pods-boxECMTests/Pods-boxECMTests.debug.xcconfig"; sourceTree = "<group>"; };
		5CA82AF697A0FA71291F5EE3 /* Pods_boxECMTests.framework */ = {isa = PBXFileReference; explicitFileType = wrapper.framework; includeInIndex = 0; path = Pods_boxECMTests.framework; sourceTree = BUILT_PRODUCTS_DIR; };
		96644F398F30ECFDDE14CF78 /* Pods-boxECMUITests.debug.xcconfig */ = {isa = PBXFileReference; includeInIndex = 1; lastKnownFileType = text.xcconfig; name = "Pods-boxECMUITests.debug.xcconfig"; path = "Pods/Target Support Files/Pods-boxECMUITests/Pods-boxECMUITests.debug.xcconfig"; sourceTree = "<group>"; };
		E83D04A9E2CCF1639F88DD2D /* Pods-boxECM.release.xcconfig */ = {isa = PBXFileReference; includeInIndex = 1; lastKnownFileType = text.xcconfig; name = "Pods-boxECM.release.xcconfig"; path = "Pods/Target Support Files/Pods-boxECM/Pods-boxECM.release.xcconfig"; sourceTree = "<group>"; };
		FD892DA63738F6C0FBB276DB /* Pods-boxECMUITests.release.xcconfig */ = {isa = PBXFileReference; includeInIndex = 1; lastKnownFileType = text.xcconfig; name = "Pods-boxECMUITests.release.xcconfig"; path = "Pods/Target Support Files/Pods-boxECMUITests/Pods-boxECMUITests.release.xcconfig"; sourceTree = "<group>"; };
		FFDC1047808074818DD6F5D0 /* Pods_boxECM.framework */ = {isa = PBXFileReference; explicitFileType = wrapper.framework; includeInIndex = 0; path = Pods_boxECM.framework; sourceTree = BUILT_PRODUCTS_DIR; };
/* End PBXFileReference section */

/* Begin PBXFrameworksBuildPhase section */
		22CDBFBD1E5B8BCF007EF8F8 /* Frameworks */ = {
			isa = PBXFrameworksBuildPhase;
			buildActionMask = 2147483647;
			files = (
				77127EDFB1B9DEC090CA4B20 /* Pods_boxECM.framework in Frameworks */,
			);
			runOnlyForDeploymentPostprocessing = 0;
		};
		22CDBFD11E5B8BCF007EF8F8 /* Frameworks */ = {
			isa = PBXFrameworksBuildPhase;
			buildActionMask = 2147483647;
			files = (
				E7DD984C81FFE9F7488C4047 /* Pods_boxECMTests.framework in Frameworks */,
			);
			runOnlyForDeploymentPostprocessing = 0;
		};
		22CDBFDC1E5B8BCF007EF8F8 /* Frameworks */ = {
			isa = PBXFrameworksBuildPhase;
			buildActionMask = 2147483647;
			files = (
				9526698E44F5333D6B84C671 /* Pods_boxECMUITests.framework in Frameworks */,
			);
			runOnlyForDeploymentPostprocessing = 0;
		};
/* End PBXFrameworksBuildPhase section */

/* Begin PBXGroup section */
		22130F501E5CCA3800343AFD /* Service */ = {
			isa = PBXGroup;
			children = (
				22CDBFFA1E5BA216007EF8F8 /* BoxService.swift */,
				2243FE261E5CD52400899472 /* OCRService.swift */,
				2243FE281E5CD53200899472 /* OCRTextParser.swift */,
			);
			name = Service;
			sourceTree = "<group>";
		};
		22130F511E5CCA5F00343AFD /* ViewController */ = {
			isa = PBXGroup;
			children = (
				22130F4E1E5CCA0D00343AFD /* ImageSelectionViewController.swift */,
				2243FE3A1E5D1E2300899472 /* UploadReadyViewController.swift */,
			);
			name = ViewController;
			sourceTree = "<group>";
		};
		22130F521E5CCB7400343AFD /* Resources */ = {
			isa = PBXGroup;
			children = (
				2243FE211E5CD4C300899472 /* pod.png */,
				22130F531E5CCB8700343AFD /* camera.png */,
				22130F541E5CCB8700343AFD /* gallary.png */,
				22130F551E5CCB8700343AFD /* logo.png */,
				22130F561E5CCB8700343AFD /* testImg.jpg */,
				2243FE311E5CED9800899472 /* parseText.json */,
			);
			name = Resources;
			sourceTree = "<group>";
		};
		2243FE2A1E5CD59E00899472 /* Util */ = {
			isa = PBXGroup;
			children = (
				2243FE2B1E5CD5A800899472 /* Constants.swift */,
				2243FE2D1E5CD5F400899472 /* ImageUtil.swift */,
				2243FE2F1E5CD60D00899472 /* BoxServiceUtil.swift */,
			);
			name = Util;
			sourceTree = "<group>";
		};
		2243FE331E5CF19400899472 /* Spec */ = {
			isa = PBXGroup;
			children = (
				22CDBFF51E5B9A86007EF8F8 /* AppSpec.swift */,
				2243FE351E5CF1B800899472 /* OCRServiceSpec.swift */,
				2243FE371E5CFEC900899472 /* ImageSelectionVCSpec.swift */,
				2243FE3C1E5D1E2D00899472 /* UploadReadyViewControllerSpec.swift */,
			);
			name = Spec;
			sourceTree = "<group>";
		};
		2243FE341E5CF19A00899472 /* Test */ = {
			isa = PBXGroup;
			children = (
				22CDBFF81E5BA1FB007EF8F8 /* BoxServiceTest.swift */,
				2243FE1F1E5CD46800899472 /* OCRServiceTest.swift */,
				2243FE241E5CD50B00899472 /* OCRTextParserTest.swift */,
			);
			name = Test;
			sourceTree = "<group>";
		};
		22CDBFB71E5B8BCE007EF8F8 = {
			isa = PBXGroup;
			children = (
				22130F521E5CCB7400343AFD /* Resources */,
				22CDBFC21E5B8BCF007EF8F8 /* boxECM */,
				22CDBFD71E5B8BCF007EF8F8 /* boxECMTests */,
				22CDBFE21E5B8BCF007EF8F8 /* boxECMUITests */,
				22CDBFC11E5B8BCF007EF8F8 /* Products */,
				22CDBFF31E5B99B6007EF8F8 /* Podfile */,
				C42331609A63F26F4B7F6437 /* Pods */,
				4FB2E3DAF585A7B40DE11E7C /* Frameworks */,
			);
			sourceTree = "<group>";
		};
		22CDBFC11E5B8BCF007EF8F8 /* Products */ = {
			isa = PBXGroup;
			children = (
				22CDBFC01E5B8BCF007EF8F8 /* boxECM.app */,
				22CDBFD41E5B8BCF007EF8F8 /* boxECMTests.xctest */,
				22CDBFDF1E5B8BCF007EF8F8 /* boxECMUITests.xctest */,
			);
			name = Products;
			sourceTree = "<group>";
		};
		22CDBFC21E5B8BCF007EF8F8 /* boxECM */ = {
			isa = PBXGroup;
			children = (
				2243FE2A1E5CD59E00899472 /* Util */,
				22130F511E5CCA5F00343AFD /* ViewController */,
				22130F501E5CCA3800343AFD /* Service */,
				22CDBFC31E5B8BCF007EF8F8 /* AppDelegate.swift */,
				22CDBFC71E5B8BCF007EF8F8 /* Main.storyboard */,
				22CDBFCA1E5B8BCF007EF8F8 /* Assets.xcassets */,
				22CDBFCC1E5B8BCF007EF8F8 /* LaunchScreen.storyboard */,
				22CDBFCF1E5B8BCF007EF8F8 /* Info.plist */,
			);
			path = boxECM;
			sourceTree = "<group>";
		};
		22CDBFD71E5B8BCF007EF8F8 /* boxECMTests */ = {
			isa = PBXGroup;
			children = (
				2243FE341E5CF19A00899472 /* Test */,
				2243FE331E5CF19400899472 /* Spec */,
				22CDBFDA1E5B8BCF007EF8F8 /* Info.plist */,
			);
			path = boxECMTests;
			sourceTree = "<group>";
		};
		22CDBFE21E5B8BCF007EF8F8 /* boxECMUITests */ = {
			isa = PBXGroup;
			children = (
				22CDBFE31E5B8BCF007EF8F8 /* boxECMUITests.swift */,
				22CDBFE51E5B8BCF007EF8F8 /* Info.plist */,
			);
			path = boxECMUITests;
			sourceTree = "<group>";
		};
		4FB2E3DAF585A7B40DE11E7C /* Frameworks */ = {
			isa = PBXGroup;
			children = (
				FFDC1047808074818DD6F5D0 /* Pods_boxECM.framework */,
				5CA82AF697A0FA71291F5EE3 /* Pods_boxECMTests.framework */,
				367950269A234F41BAB3CC33 /* Pods_boxECMUITests.framework */,
			);
			name = Frameworks;
			sourceTree = "<group>";
		};
		C42331609A63F26F4B7F6437 /* Pods */ = {
			isa = PBXGroup;
			children = (
				1C22A4A052D7424884F7F87E /* Pods-boxECM.debug.xcconfig */,
				E83D04A9E2CCF1639F88DD2D /* Pods-boxECM.release.xcconfig */,
				542DBE1B496653959CEF1E0E /* Pods-boxECMTests.debug.xcconfig */,
				535CDF3C27BAAA0547CE9C5C /* Pods-boxECMTests.release.xcconfig */,
				96644F398F30ECFDDE14CF78 /* Pods-boxECMUITests.debug.xcconfig */,
				FD892DA63738F6C0FBB276DB /* Pods-boxECMUITests.release.xcconfig */,
			);
			name = Pods;
			sourceTree = "<group>";
		};
/* End PBXGroup section */

/* Begin PBXNativeTarget section */
		22CDBFBF1E5B8BCF007EF8F8 /* boxECM */ = {
			isa = PBXNativeTarget;
			buildConfigurationList = 22CDBFE81E5B8BCF007EF8F8 /* Build configuration list for PBXNativeTarget "boxECM" */;
			buildPhases = (
				87F6D565F2495B22D6FF6874 /* [CP] Check Pods Manifest.lock */,
				22CDBFBC1E5B8BCF007EF8F8 /* Sources */,
				22CDBFBD1E5B8BCF007EF8F8 /* Frameworks */,
				22CDBFBE1E5B8BCF007EF8F8 /* Resources */,
				ADB51D6DFAADA9B6002C3BC0 /* [CP] Embed Pods Frameworks */,
				049607F450D7686118B3A7EF /* [CP] Copy Pods Resources */,
			);
			buildRules = (
			);
			dependencies = (
			);
			name = boxECM;
			productName = boxECM;
			productReference = 22CDBFC01E5B8BCF007EF8F8 /* boxECM.app */;
			productType = "com.apple.product-type.application";
		};
		22CDBFD31E5B8BCF007EF8F8 /* boxECMTests */ = {
			isa = PBXNativeTarget;
			buildConfigurationList = 22CDBFEB1E5B8BCF007EF8F8 /* Build configuration list for PBXNativeTarget "boxECMTests" */;
			buildPhases = (
				A89C221C041293E9EC3770DF /* [CP] Check Pods Manifest.lock */,
				22CDBFD01E5B8BCF007EF8F8 /* Sources */,
				22CDBFD11E5B8BCF007EF8F8 /* Frameworks */,
				22CDBFD21E5B8BCF007EF8F8 /* Resources */,
				E779D5F12960540B4D737E81 /* [CP] Embed Pods Frameworks */,
				C5672A3C2B832A9CB8CF40A2 /* [CP] Copy Pods Resources */,
			);
			buildRules = (
			);
			dependencies = (
				22CDBFD61E5B8BCF007EF8F8 /* PBXTargetDependency */,
			);
			name = boxECMTests;
			productName = boxECMTests;
			productReference = 22CDBFD41E5B8BCF007EF8F8 /* boxECMTests.xctest */;
			productType = "com.apple.product-type.bundle.unit-test";
		};
		22CDBFDE1E5B8BCF007EF8F8 /* boxECMUITests */ = {
			isa = PBXNativeTarget;
			buildConfigurationList = 22CDBFEE1E5B8BCF007EF8F8 /* Build configuration list for PBXNativeTarget "boxECMUITests" */;
			buildPhases = (
				00D3428873FECA8AA022DDF6 /* [CP] Check Pods Manifest.lock */,
				22CDBFDB1E5B8BCF007EF8F8 /* Sources */,
				22CDBFDC1E5B8BCF007EF8F8 /* Frameworks */,
				22CDBFDD1E5B8BCF007EF8F8 /* Resources */,
				B7BCA073A395E9DBE6434D05 /* [CP] Embed Pods Frameworks */,
				9C34104FE0E761748D6BEC09 /* [CP] Copy Pods Resources */,
			);
			buildRules = (
			);
			dependencies = (
				22CDBFE11E5B8BCF007EF8F8 /* PBXTargetDependency */,
			);
			name = boxECMUITests;
			productName = boxECMUITests;
			productReference = 22CDBFDF1E5B8BCF007EF8F8 /* boxECMUITests.xctest */;
			productType = "com.apple.product-type.bundle.ui-testing";
		};
/* End PBXNativeTarget section */

/* Begin PBXProject section */
		22CDBFB81E5B8BCE007EF8F8 /* Project object */ = {
			isa = PBXProject;
			attributes = {
				LastSwiftUpdateCheck = 0820;
				LastUpgradeCheck = 0820;
				ORGANIZATIONNAME = revasolutions;
				TargetAttributes = {
					22CDBFBF1E5B8BCF007EF8F8 = {
						CreatedOnToolsVersion = 8.2.1;
						DevelopmentTeam = 9GB27LE5A2;
						LastSwiftMigration = 0820;
						ProvisioningStyle = Manual;
					};
					22CDBFD31E5B8BCF007EF8F8 = {
						CreatedOnToolsVersion = 8.2.1;
						DevelopmentTeam = J9T57DG7T3;
						LastSwiftMigration = 0820;
						ProvisioningStyle = Automatic;
						TestTargetID = 22CDBFBF1E5B8BCF007EF8F8;
					};
					22CDBFDE1E5B8BCF007EF8F8 = {
						CreatedOnToolsVersion = 8.2.1;
						DevelopmentTeam = J9T57DG7T3;
						LastSwiftMigration = 0820;
						ProvisioningStyle = Automatic;
						TestTargetID = 22CDBFBF1E5B8BCF007EF8F8;
					};
				};
			};
			buildConfigurationList = 22CDBFBB1E5B8BCE007EF8F8 /* Build configuration list for PBXProject "boxECM" */;
			compatibilityVersion = "Xcode 3.2";
			developmentRegion = English;
			hasScannedForEncodings = 0;
			knownRegions = (
				en,
				Base,
			);
			mainGroup = 22CDBFB71E5B8BCE007EF8F8;
			productRefGroup = 22CDBFC11E5B8BCF007EF8F8 /* Products */;
			projectDirPath = "";
			projectRoot = "";
			targets = (
				22CDBFBF1E5B8BCF007EF8F8 /* boxECM */,
				22CDBFD31E5B8BCF007EF8F8 /* boxECMTests */,
				22CDBFDE1E5B8BCF007EF8F8 /* boxECMUITests */,
			);
		};
/* End PBXProject section */

/* Begin PBXResourcesBuildPhase section */
		22CDBFBE1E5B8BCF007EF8F8 /* Resources */ = {
			isa = PBXResourcesBuildPhase;
			buildActionMask = 2147483647;
			files = (
				22130F581E5CCB8700343AFD /* gallary.png in Resources */,
				2243FE231E5CD4CA00899472 /* pod.png in Resources */,
				22CDBFCE1E5B8BCF007EF8F8 /* LaunchScreen.storyboard in Resources */,
				22CDBFCB1E5B8BCF007EF8F8 /* Assets.xcassets in Resources */,
				22CDBFF41E5B99B6007EF8F8 /* Podfile in Resources */,
				22130F591E5CCB8700343AFD /* logo.png in Resources */,
				22CDBFC91E5B8BCF007EF8F8 /* Main.storyboard in Resources */,
				22130F571E5CCB8700343AFD /* camera.png in Resources */,
				2243FE321E5CED9800899472 /* parseText.json in Resources */,
				22130F5A1E5CCB8700343AFD /* testImg.jpg in Resources */,
			);
			runOnlyForDeploymentPostprocessing = 0;
		};
		22CDBFD21E5B8BCF007EF8F8 /* Resources */ = {
			isa = PBXResourcesBuildPhase;
			buildActionMask = 2147483647;
			files = (
				2243FE391E5D07EB00899472 /* Main.storyboard in Resources */,
				2243FE221E5CD4C300899472 /* pod.png in Resources */,
				22130F5B1E5CCB8C00343AFD /* testImg.jpg in Resources */,
			);
			runOnlyForDeploymentPostprocessing = 0;
		};
		22CDBFDD1E5B8BCF007EF8F8 /* Resources */ = {
			isa = PBXResourcesBuildPhase;
			buildActionMask = 2147483647;
			files = (
			);
			runOnlyForDeploymentPostprocessing = 0;
		};
/* End PBXResourcesBuildPhase section */

/* Begin PBXShellScriptBuildPhase section */
		00D3428873FECA8AA022DDF6 /* [CP] Check Pods Manifest.lock */ = {
			isa = PBXShellScriptBuildPhase;
			buildActionMask = 2147483647;
			files = (
			);
			inputPaths = (
			);
			name = "[CP] Check Pods Manifest.lock";
			outputPaths = (
			);
			runOnlyForDeploymentPostprocessing = 0;
			shellPath = /bin/sh;
			shellScript = "diff \"${PODS_ROOT}/../Podfile.lock\" \"${PODS_ROOT}/Manifest.lock\" > /dev/null\nif [ $? != 0 ] ; then\n    # print error to STDERR\n    echo \"error: The sandbox is not in sync with the Podfile.lock. Run 'pod install' or update your CocoaPods installation.\" >&2\n    exit 1\nfi\n";
			showEnvVarsInLog = 0;
		};
		049607F450D7686118B3A7EF /* [CP] Copy Pods Resources */ = {
			isa = PBXShellScriptBuildPhase;
			buildActionMask = 2147483647;
			files = (
			);
			inputPaths = (
			);
			name = "[CP] Copy Pods Resources";
			outputPaths = (
			);
			runOnlyForDeploymentPostprocessing = 0;
			shellPath = /bin/sh;
			shellScript = "\"${SRCROOT}/Pods/Target Support Files/Pods-boxECM/Pods-boxECM-resources.sh\"\n";
			showEnvVarsInLog = 0;
		};
		87F6D565F2495B22D6FF6874 /* [CP] Check Pods Manifest.lock */ = {
			isa = PBXShellScriptBuildPhase;
			buildActionMask = 2147483647;
			files = (
			);
			inputPaths = (
			);
			name = "[CP] Check Pods Manifest.lock";
			outputPaths = (
			);
			runOnlyForDeploymentPostprocessing = 0;
			shellPath = /bin/sh;
			shellScript = "diff \"${PODS_ROOT}/../Podfile.lock\" \"${PODS_ROOT}/Manifest.lock\" > /dev/null\nif [ $? != 0 ] ; then\n    # print error to STDERR\n    echo \"error: The sandbox is not in sync with the Podfile.lock. Run 'pod install' or update your CocoaPods installation.\" >&2\n    exit 1\nfi\n";
			showEnvVarsInLog = 0;
		};
		9C34104FE0E761748D6BEC09 /* [CP] Copy Pods Resources */ = {
			isa = PBXShellScriptBuildPhase;
			buildActionMask = 2147483647;
			files = (
			);
			inputPaths = (
			);
			name = "[CP] Copy Pods Resources";
			outputPaths = (
			);
			runOnlyForDeploymentPostprocessing = 0;
			shellPath = /bin/sh;
			shellScript = "\"${SRCROOT}/Pods/Target Support Files/Pods-boxECMUITests/Pods-boxECMUITests-resources.sh\"\n";
			showEnvVarsInLog = 0;
		};
		A89C221C041293E9EC3770DF /* [CP] Check Pods Manifest.lock */ = {
			isa = PBXShellScriptBuildPhase;
			buildActionMask = 2147483647;
			files = (
			);
			inputPaths = (
			);
			name = "[CP] Check Pods Manifest.lock";
			outputPaths = (
			);
			runOnlyForDeploymentPostprocessing = 0;
			shellPath = /bin/sh;
			shellScript = "diff \"${PODS_ROOT}/../Podfile.lock\" \"${PODS_ROOT}/Manifest.lock\" > /dev/null\nif [ $? != 0 ] ; then\n    # print error to STDERR\n    echo \"error: The sandbox is not in sync with the Podfile.lock. Run 'pod install' or update your CocoaPods installation.\" >&2\n    exit 1\nfi\n";
			showEnvVarsInLog = 0;
		};
		ADB51D6DFAADA9B6002C3BC0 /* [CP] Embed Pods Frameworks */ = {
			isa = PBXShellScriptBuildPhase;
			buildActionMask = 2147483647;
			files = (
			);
			inputPaths = (
			);
			name = "[CP] Embed Pods Frameworks";
			outputPaths = (
			);
			runOnlyForDeploymentPostprocessing = 0;
			shellPath = /bin/sh;
			shellScript = "\"${SRCROOT}/Pods/Target Support Files/Pods-boxECM/Pods-boxECM-frameworks.sh\"\n";
			showEnvVarsInLog = 0;
		};
		B7BCA073A395E9DBE6434D05 /* [CP] Embed Pods Frameworks */ = {
			isa = PBXShellScriptBuildPhase;
			buildActionMask = 2147483647;
			files = (
			);
			inputPaths = (
			);
			name = "[CP] Embed Pods Frameworks";
			outputPaths = (
			);
			runOnlyForDeploymentPostprocessing = 0;
			shellPath = /bin/sh;
			shellScript = "\"${SRCROOT}/Pods/Target Support Files/Pods-boxECMUITests/Pods-boxECMUITests-frameworks.sh\"\n";
			showEnvVarsInLog = 0;
		};
		C5672A3C2B832A9CB8CF40A2 /* [CP] Copy Pods Resources */ = {
			isa = PBXShellScriptBuildPhase;
			buildActionMask = 2147483647;
			files = (
			);
			inputPaths = (
			);
			name = "[CP] Copy Pods Resources";
			outputPaths = (
			);
			runOnlyForDeploymentPostprocessing = 0;
			shellPath = /bin/sh;
			shellScript = "\"${SRCROOT}/Pods/Target Support Files/Pods-boxECMTests/Pods-boxECMTests-resources.sh\"\n";
			showEnvVarsInLog = 0;
		};
		E779D5F12960540B4D737E81 /* [CP] Embed Pods Frameworks */ = {
			isa = PBXShellScriptBuildPhase;
			buildActionMask = 2147483647;
			files = (
			);
			inputPaths = (
			);
			name = "[CP] Embed Pods Frameworks";
			outputPaths = (
			);
			runOnlyForDeploymentPostprocessing = 0;
			shellPath = /bin/sh;
			shellScript = "\"${SRCROOT}/Pods/Target Support Files/Pods-boxECMTests/Pods-boxECMTests-frameworks.sh\"\n";
			showEnvVarsInLog = 0;
		};
/* End PBXShellScriptBuildPhase section */

/* Begin PBXSourcesBuildPhase section */
		22CDBFBC1E5B8BCF007EF8F8 /* Sources */ = {
			isa = PBXSourcesBuildPhase;
			buildActionMask = 2147483647;
			files = (
				2243FE291E5CD53200899472 /* OCRTextParser.swift in Sources */,
				2243FE2E1E5CD5F400899472 /* ImageUtil.swift in Sources */,
				2243FE271E5CD52400899472 /* OCRService.swift in Sources */,
				22130F4F1E5CCA0D00343AFD /* ImageSelectionViewController.swift in Sources */,
				22CDBFFB1E5BA216007EF8F8 /* BoxService.swift in Sources */,
				22CDBFC41E5B8BCF007EF8F8 /* AppDelegate.swift in Sources */,
				2243FE2C1E5CD5A800899472 /* Constants.swift in Sources */,
				2243FE301E5CD60D00899472 /* BoxServiceUtil.swift in Sources */,
				2243FE3B1E5D1E2300899472 /* UploadReadyViewController.swift in Sources */,
			);
			runOnlyForDeploymentPostprocessing = 0;
		};
		22CDBFD01E5B8BCF007EF8F8 /* Sources */ = {
			isa = PBXSourcesBuildPhase;
			buildActionMask = 2147483647;
			files = (
				2243FE381E5CFEC900899472 /* ImageSelectionVCSpec.swift in Sources */,
				2243FE251E5CD50B00899472 /* OCRTextParserTest.swift in Sources */,
				2243FE201E5CD46800899472 /* OCRServiceTest.swift in Sources */,
				2243FE3D1E5D1E2D00899472 /* UploadReadyViewControllerSpec.swift in Sources */,
				22CDBFF91E5BA1FB007EF8F8 /* BoxServiceTest.swift in Sources */,
				22CDBFF61E5B9A86007EF8F8 /* AppSpec.swift in Sources */,
				2243FE361E5CF1B800899472 /* OCRServiceSpec.swift in Sources */,
			);
			runOnlyForDeploymentPostprocessing = 0;
		};
		22CDBFDB1E5B8BCF007EF8F8 /* Sources */ = {
			isa = PBXSourcesBuildPhase;
			buildActionMask = 2147483647;
			files = (
				22CDBFE41E5B8BCF007EF8F8 /* boxECMUITests.swift in Sources */,
			);
			runOnlyForDeploymentPostprocessing = 0;
		};
/* End PBXSourcesBuildPhase section */

/* Begin PBXTargetDependency section */
		22CDBFD61E5B8BCF007EF8F8 /* PBXTargetDependency */ = {
			isa = PBXTargetDependency;
			target = 22CDBFBF1E5B8BCF007EF8F8 /* boxECM */;
			targetProxy = 22CDBFD51E5B8BCF007EF8F8 /* PBXContainerItemProxy */;
		};
		22CDBFE11E5B8BCF007EF8F8 /* PBXTargetDependency */ = {
			isa = PBXTargetDependency;
			target = 22CDBFBF1E5B8BCF007EF8F8 /* boxECM */;
			targetProxy = 22CDBFE01E5B8BCF007EF8F8 /* PBXContainerItemProxy */;
		};
/* End PBXTargetDependency section */

/* Begin PBXVariantGroup section */
		22CDBFC71E5B8BCF007EF8F8 /* Main.storyboard */ = {
			isa = PBXVariantGroup;
			children = (
				22CDBFC81E5B8BCF007EF8F8 /* Base */,
			);
			name = Main.storyboard;
			sourceTree = "<group>";
		};
		22CDBFCC1E5B8BCF007EF8F8 /* LaunchScreen.storyboard */ = {
			isa = PBXVariantGroup;
			children = (
				22CDBFCD1E5B8BCF007EF8F8 /* Base */,
			);
			name = LaunchScreen.storyboard;
			sourceTree = "<group>";
		};
/* End PBXVariantGroup section */

/* Begin XCBuildConfiguration section */
		22CDBFE61E5B8BCF007EF8F8 /* Debug */ = {
			isa = XCBuildConfiguration;
			buildSettings = {
				ALWAYS_SEARCH_USER_PATHS = NO;
				CLANG_ANALYZER_NONNULL = YES;
				CLANG_CXX_LANGUAGE_STANDARD = "gnu++0x";
				CLANG_CXX_LIBRARY = "libc++";
				CLANG_ENABLE_MODULES = YES;
				CLANG_ENABLE_OBJC_ARC = YES;
				CLANG_WARN_BOOL_CONVERSION = YES;
				CLANG_WARN_CONSTANT_CONVERSION = YES;
				CLANG_WARN_DIRECT_OBJC_ISA_USAGE = YES_ERROR;
				CLANG_WARN_DOCUMENTATION_COMMENTS = YES;
				CLANG_WARN_EMPTY_BODY = YES;
				CLANG_WARN_ENUM_CONVERSION = YES;
				CLANG_WARN_INFINITE_RECURSION = YES;
				CLANG_WARN_INT_CONVERSION = YES;
				CLANG_WARN_OBJC_ROOT_CLASS = YES_ERROR;
				CLANG_WARN_SUSPICIOUS_MOVE = YES;
				CLANG_WARN_UNREACHABLE_CODE = YES;
				CLANG_WARN__DUPLICATE_METHOD_MATCH = YES;
				"CODE_SIGN_IDENTITY[sdk=iphoneos*]" = "iPhone Developer";
				COPY_PHASE_STRIP = NO;
				DEBUG_INFORMATION_FORMAT = dwarf;
				ENABLE_STRICT_OBJC_MSGSEND = YES;
				ENABLE_TESTABILITY = YES;
				GCC_C_LANGUAGE_STANDARD = gnu99;
				GCC_DYNAMIC_NO_PIC = NO;
				GCC_NO_COMMON_BLOCKS = YES;
				GCC_OPTIMIZATION_LEVEL = 0;
				GCC_PREPROCESSOR_DEFINITIONS = (
					"DEBUG=1",
					"$(inherited)",
				);
				GCC_WARN_64_TO_32_BIT_CONVERSION = YES;
				GCC_WARN_ABOUT_RETURN_TYPE = YES_ERROR;
				GCC_WARN_UNDECLARED_SELECTOR = YES;
				GCC_WARN_UNINITIALIZED_AUTOS = YES_AGGRESSIVE;
				GCC_WARN_UNUSED_FUNCTION = YES;
				GCC_WARN_UNUSED_VARIABLE = YES;
				IPHONEOS_DEPLOYMENT_TARGET = 10.2;
				MTL_ENABLE_DEBUG_INFO = YES;
				ONLY_ACTIVE_ARCH = YES;
				SDKROOT = iphoneos;
				SWIFT_ACTIVE_COMPILATION_CONDITIONS = DEBUG;
				SWIFT_OPTIMIZATION_LEVEL = "-Onone";
			};
			name = Debug;
		};
		22CDBFE71E5B8BCF007EF8F8 /* Release */ = {
			isa = XCBuildConfiguration;
			buildSettings = {
				ALWAYS_SEARCH_USER_PATHS = NO;
				CLANG_ANALYZER_NONNULL = YES;
				CLANG_CXX_LANGUAGE_STANDARD = "gnu++0x";
				CLANG_CXX_LIBRARY = "libc++";
				CLANG_ENABLE_MODULES = YES;
				CLANG_ENABLE_OBJC_ARC = YES;
				CLANG_WARN_BOOL_CONVERSION = YES;
				CLANG_WARN_CONSTANT_CONVERSION = YES;
				CLANG_WARN_DIRECT_OBJC_ISA_USAGE = YES_ERROR;
				CLANG_WARN_DOCUMENTATION_COMMENTS = YES;
				CLANG_WARN_EMPTY_BODY = YES;
				CLANG_WARN_ENUM_CONVERSION = YES;
				CLANG_WARN_INFINITE_RECURSION = YES;
				CLANG_WARN_INT_CONVERSION = YES;
				CLANG_WARN_OBJC_ROOT_CLASS = YES_ERROR;
				CLANG_WARN_SUSPICIOUS_MOVE = YES;
				CLANG_WARN_UNREACHABLE_CODE = YES;
				CLANG_WARN__DUPLICATE_METHOD_MATCH = YES;
				"CODE_SIGN_IDENTITY[sdk=iphoneos*]" = "iPhone Developer";
				COPY_PHASE_STRIP = NO;
				DEBUG_INFORMATION_FORMAT = "dwarf-with-dsym";
				ENABLE_NS_ASSERTIONS = NO;
				ENABLE_STRICT_OBJC_MSGSEND = YES;
				GCC_C_LANGUAGE_STANDARD = gnu99;
				GCC_NO_COMMON_BLOCKS = YES;
				GCC_WARN_64_TO_32_BIT_CONVERSION = YES;
				GCC_WARN_ABOUT_RETURN_TYPE = YES_ERROR;
				GCC_WARN_UNDECLARED_SELECTOR = YES;
				GCC_WARN_UNINITIALIZED_AUTOS = YES_AGGRESSIVE;
				GCC_WARN_UNUSED_FUNCTION = YES;
				GCC_WARN_UNUSED_VARIABLE = YES;
				IPHONEOS_DEPLOYMENT_TARGET = 10.2;
				MTL_ENABLE_DEBUG_INFO = NO;
				SDKROOT = iphoneos;
				SWIFT_OPTIMIZATION_LEVEL = "-Owholemodule";
				VALIDATE_PRODUCT = YES;
			};
			name = Release;
		};
		22CDBFE91E5B8BCF007EF8F8 /* Debug */ = {
			isa = XCBuildConfiguration;
			baseConfigurationReference = 1C22A4A052D7424884F7F87E /* Pods-boxECM.debug.xcconfig */;
			buildSettings = {
				ASSETCATALOG_COMPILER_APPICON_NAME = AppIcon;
				"CODE_SIGN_IDENTITY[sdk=iphoneos*]" = "iPhone Distribution";
				DEVELOPMENT_TEAM = 9GB27LE5A2;
				INFOPLIST_FILE = boxECM/Info.plist;
				LD_RUNPATH_SEARCH_PATHS = "$(inherited) @executable_path/Frameworks";
				PRODUCT_BUNDLE_IDENTIFIER = org.revasolutions.boxECM;
				PRODUCT_NAME = "$(TARGET_NAME)";
				PROVISIONING_PROFILE = "c616f851-e3f2-4c51-8859-608337566d20";
				PROVISIONING_PROFILE_SPECIFIER = "XC iOS: *";
				SWIFT_VERSION = 3.0;
			};
			name = Debug;
		};
		22CDBFEA1E5B8BCF007EF8F8 /* Release */ = {
			isa = XCBuildConfiguration;
			baseConfigurationReference = E83D04A9E2CCF1639F88DD2D /* Pods-boxECM.release.xcconfig */;
			buildSettings = {
				ASSETCATALOG_COMPILER_APPICON_NAME = AppIcon;
				"CODE_SIGN_IDENTITY[sdk=iphoneos*]" = "iPhone Distribution";
				DEVELOPMENT_TEAM = 9GB27LE5A2;
				INFOPLIST_FILE = boxECM/Info.plist;
				LD_RUNPATH_SEARCH_PATHS = "$(inherited) @executable_path/Frameworks";
				PRODUCT_BUNDLE_IDENTIFIER = org.revasolutions.boxECM;
				PRODUCT_NAME = "$(TARGET_NAME)";
				PROVISIONING_PROFILE = "c616f851-e3f2-4c51-8859-608337566d20";
				PROVISIONING_PROFILE_SPECIFIER = "XC iOS: *";
				SWIFT_VERSION = 3.0;
			};
			name = Release;
		};
		22CDBFEC1E5B8BCF007EF8F8 /* Debug */ = {
			isa = XCBuildConfiguration;
			baseConfigurationReference = 542DBE1B496653959CEF1E0E /* Pods-boxECMTests.debug.xcconfig */;
			buildSettings = {
				ALWAYS_EMBED_SWIFT_STANDARD_LIBRARIES = YES;
				BUNDLE_LOADER = "$(TEST_HOST)";
				DEVELOPMENT_TEAM = J9T57DG7T3;
				INFOPLIST_FILE = boxECMTests/Info.plist;
				LD_RUNPATH_SEARCH_PATHS = "$(inherited) @executable_path/Frameworks @loader_path/Frameworks";
				PRODUCT_BUNDLE_IDENTIFIER = org.revasolutions.boxECMTests;
				PRODUCT_NAME = "$(TARGET_NAME)";
				SWIFT_VERSION = 3.0;
				TEST_HOST = "$(BUILT_PRODUCTS_DIR)/boxECM.app/boxECM";
			};
			name = Debug;
		};
		22CDBFED1E5B8BCF007EF8F8 /* Release */ = {
			isa = XCBuildConfiguration;
			baseConfigurationReference = 535CDF3C27BAAA0547CE9C5C /* Pods-boxECMTests.release.xcconfig */;
			buildSettings = {
				ALWAYS_EMBED_SWIFT_STANDARD_LIBRARIES = YES;
				BUNDLE_LOADER = "$(TEST_HOST)";
				DEVELOPMENT_TEAM = J9T57DG7T3;
				INFOPLIST_FILE = boxECMTests/Info.plist;
				LD_RUNPATH_SEARCH_PATHS = "$(inherited) @executable_path/Frameworks @loader_path/Frameworks";
				PRODUCT_BUNDLE_IDENTIFIER = org.revasolutions.boxECMTests;
				PRODUCT_NAME = "$(TARGET_NAME)";
				SWIFT_VERSION = 3.0;
				TEST_HOST = "$(BUILT_PRODUCTS_DIR)/boxECM.app/boxECM";
			};
			name = Release;
		};
		22CDBFEF1E5B8BCF007EF8F8 /* Debug */ = {
			isa = XCBuildConfiguration;
			baseConfigurationReference = 96644F398F30ECFDDE14CF78 /* Pods-boxECMUITests.debug.xcconfig */;
			buildSettings = {
				ALWAYS_EMBED_SWIFT_STANDARD_LIBRARIES = YES;
				DEVELOPMENT_TEAM = J9T57DG7T3;
				INFOPLIST_FILE = boxECMUITests/Info.plist;
				LD_RUNPATH_SEARCH_PATHS = "$(inherited) @executable_path/Frameworks @loader_path/Frameworks";
				PRODUCT_BUNDLE_IDENTIFIER = org.revasolutions.boxECMUITests;
				PRODUCT_NAME = "$(TARGET_NAME)";
				SWIFT_VERSION = 3.0;
				TEST_TARGET_NAME = boxECM;
			};
			name = Debug;
		};
		22CDBFF01E5B8BCF007EF8F8 /* Release */ = {
			isa = XCBuildConfiguration;
			baseConfigurationReference = FD892DA63738F6C0FBB276DB /* Pods-boxECMUITests.release.xcconfig */;
			buildSettings = {
				ALWAYS_EMBED_SWIFT_STANDARD_LIBRARIES = YES;
				DEVELOPMENT_TEAM = J9T57DG7T3;
				INFOPLIST_FILE = boxECMUITests/Info.plist;
				LD_RUNPATH_SEARCH_PATHS = "$(inherited) @executable_path/Frameworks @loader_path/Frameworks";
				PRODUCT_BUNDLE_IDENTIFIER = org.revasolutions.boxECMUITests;
				PRODUCT_NAME = "$(TARGET_NAME)";
				SWIFT_VERSION = 3.0;
				TEST_TARGET_NAME = boxECM;
			};
			name = Release;
		};
/* End XCBuildConfiguration section */

/* Begin XCConfigurationList section */
		22CDBFBB1E5B8BCE007EF8F8 /* Build configuration list for PBXProject "boxECM" */ = {
			isa = XCConfigurationList;
			buildConfigurations = (
				22CDBFE61E5B8BCF007EF8F8 /* Debug */,
				22CDBFE71E5B8BCF007EF8F8 /* Release */,
			);
			defaultConfigurationIsVisible = 0;
			defaultConfigurationName = Release;
		};
		22CDBFE81E5B8BCF007EF8F8 /* Build configuration list for PBXNativeTarget "boxECM" */ = {
			isa = XCConfigurationList;
			buildConfigurations = (
				22CDBFE91E5B8BCF007EF8F8 /* Debug */,
				22CDBFEA1E5B8BCF007EF8F8 /* Release */,
			);
			defaultConfigurationIsVisible = 0;
			defaultConfigurationName = Release;
		};
		22CDBFEB1E5B8BCF007EF8F8 /* Build configuration list for PBXNativeTarget "boxECMTests" */ = {
			isa = XCConfigurationList;
			buildConfigurations = (
				22CDBFEC1E5B8BCF007EF8F8 /* Debug */,
				22CDBFED1E5B8BCF007EF8F8 /* Release */,
			);
			defaultConfigurationIsVisible = 0;
			defaultConfigurationName = Release;
		};
		22CDBFEE1E5B8BCF007EF8F8 /* Build configuration list for PBXNativeTarget "boxECMUITests" */ = {
			isa = XCConfigurationList;
			buildConfigurations = (
				22CDBFEF1E5B8BCF007EF8F8 /* Debug */,
				22CDBFF01E5B8BCF007EF8F8 /* Release */,
			);
			defaultConfigurationIsVisible = 0;
			defaultConfigurationName = Release;
		};
/* End XCConfigurationList section */
	};
	rootObject = 22CDBFB81E5B8BCE007EF8F8 /* Project object */;
}
